// !$*UTF8*$!
{
	archiveVersion = 1;
	classes = {
	};
	objectVersion = 50;
	objects = {

/* Begin PBXBuildFile section */
		7B22571921FF088100A9E8A3 /* AppDelegate.swift in Sources */ = {isa = PBXBuildFile; fileRef = 7B22571821FF088100A9E8A3 /* AppDelegate.swift */; };
		7B22571E21FF088100A9E8A3 /* Main.storyboard in Resources */ = {isa = PBXBuildFile; fileRef = 7B22571C21FF088100A9E8A3 /* Main.storyboard */; };
		7B22572021FF088200A9E8A3 /* Assets.xcassets in Resources */ = {isa = PBXBuildFile; fileRef = 7B22571F21FF088200A9E8A3 /* Assets.xcassets */; };
		7B22572321FF088200A9E8A3 /* LaunchScreen.storyboard in Resources */ = {isa = PBXBuildFile; fileRef = 7B22572121FF088200A9E8A3 /* LaunchScreen.storyboard */; };
		7B2C86A321FF171400B15100 /* LoginViewController.swift in Sources */ = {isa = PBXBuildFile; fileRef = 7B2C86A221FF171400B15100 /* LoginViewController.swift */; };
		7B2DD86A21FF255C00EA87D0 /* Utils.swift in Sources */ = {isa = PBXBuildFile; fileRef = 7B2DD86921FF255C00EA87D0 /* Utils.swift */; };
		7B39B4AF21FF35CF00573716 /* Constants.swift in Sources */ = {isa = PBXBuildFile; fileRef = 7B39B4AE21FF35CF00573716 /* Constants.swift */; };
		7B39B4B121FF3E8000573716 /* UserService.swift in Sources */ = {isa = PBXBuildFile; fileRef = 7B39B4B021FF3E8000573716 /* UserService.swift */; };
		7B39B4B321FF3EC300573716 /* ApiClient.swift in Sources */ = {isa = PBXBuildFile; fileRef = 7B39B4B221FF3EC300573716 /* ApiClient.swift */; };
		7B39B4B521FF4CB300573716 /* PlainUser.swift in Sources */ = {isa = PBXBuildFile; fileRef = 7B39B4B421FF4CB300573716 /* PlainUser.swift */; };
		7B39B4B921FF4CF500573716 /* PlainMovie.swift in Sources */ = {isa = PBXBuildFile; fileRef = 7B39B4B821FF4CF500573716 /* PlainMovie.swift */; };
		8071305DA7C857AD85CFBA9B /* Pods_What_a_great_movie_.framework in Frameworks */ = {isa = PBXBuildFile; fileRef = 7A685BF4111D0D7C414483B4 /* Pods_What_a_great_movie_.framework */; };
		81EE5BDB10F38F812E65BC53 /* Pods_wagm.framework in Frameworks */ = {isa = PBXBuildFile; fileRef = E3D357D75A2B59783F1C6420 /* Pods_wagm.framework */; };
/* End PBXBuildFile section */

/* Begin PBXFileReference section */
		37B43C59200C8903FD5B9994 /* Pods-What a great movie!.release.xcconfig */ = {isa = PBXFileReference; includeInIndex = 1; lastKnownFileType = text.xcconfig; name = "Pods-What a great movie!.release.xcconfig"; path = "Pods/Target Support Files/Pods-What a great movie!/Pods-What a great movie!.release.xcconfig"; sourceTree = "<group>"; };
		7A685BF4111D0D7C414483B4 /* Pods_What_a_great_movie_.framework */ = {isa = PBXFileReference; explicitFileType = wrapper.framework; includeInIndex = 0; path = Pods_What_a_great_movie_.framework; sourceTree = BUILT_PRODUCTS_DIR; };
		7B22571521FF088100A9E8A3 /* What a great movie!.app */ = {isa = PBXFileReference; explicitFileType = wrapper.application; includeInIndex = 0; path = "What a great movie!.app"; sourceTree = BUILT_PRODUCTS_DIR; };
		7B22571821FF088100A9E8A3 /* AppDelegate.swift */ = {isa = PBXFileReference; lastKnownFileType = sourcecode.swift; path = AppDelegate.swift; sourceTree = "<group>"; };
		7B22571D21FF088100A9E8A3 /* Base */ = {isa = PBXFileReference; lastKnownFileType = file.storyboard; name = Base; path = Base.lproj/Main.storyboard; sourceTree = "<group>"; };
		7B22571F21FF088200A9E8A3 /* Assets.xcassets */ = {isa = PBXFileReference; lastKnownFileType = folder.assetcatalog; path = Assets.xcassets; sourceTree = "<group>"; };
		7B22572221FF088200A9E8A3 /* Base */ = {isa = PBXFileReference; lastKnownFileType = file.storyboard; name = Base; path = Base.lproj/LaunchScreen.storyboard; sourceTree = "<group>"; };
		7B22572421FF088200A9E8A3 /* Info.plist */ = {isa = PBXFileReference; lastKnownFileType = text.plist.xml; path = Info.plist; sourceTree = "<group>"; };
		7B2C86A221FF171400B15100 /* LoginViewController.swift */ = {isa = PBXFileReference; lastKnownFileType = sourcecode.swift; path = LoginViewController.swift; sourceTree = "<group>"; };
		7B2DD86921FF255C00EA87D0 /* Utils.swift */ = {isa = PBXFileReference; lastKnownFileType = sourcecode.swift; path = Utils.swift; sourceTree = "<group>"; };
		7B39B4AE21FF35CF00573716 /* Constants.swift */ = {isa = PBXFileReference; lastKnownFileType = sourcecode.swift; path = Constants.swift; sourceTree = "<group>"; };
		7B39B4B021FF3E8000573716 /* UserService.swift */ = {isa = PBXFileReference; lastKnownFileType = sourcecode.swift; path = UserService.swift; sourceTree = "<group>"; };
		7B39B4B221FF3EC300573716 /* ApiClient.swift */ = {isa = PBXFileReference; lastKnownFileType = sourcecode.swift; path = ApiClient.swift; sourceTree = "<group>"; };
		7B39B4B421FF4CB300573716 /* PlainUser.swift */ = {isa = PBXFileReference; lastKnownFileType = sourcecode.swift; path = PlainUser.swift; sourceTree = "<group>"; };
		7B39B4B821FF4CF500573716 /* PlainMovie.swift */ = {isa = PBXFileReference; lastKnownFileType = sourcecode.swift; path = PlainMovie.swift; sourceTree = "<group>"; };
		B88FA0B6851D03941D21D94C /* Pods-wagm.release.xcconfig */ = {isa = PBXFileReference; includeInIndex = 1; lastKnownFileType = text.xcconfig; name = "Pods-wagm.release.xcconfig"; path = "Pods/Target Support Files/Pods-wagm/Pods-wagm.release.xcconfig"; sourceTree = "<group>"; };
		CAB7C42F6D53478A4612EE26 /* Pods-What a great movie!.debug.xcconfig */ = {isa = PBXFileReference; includeInIndex = 1; lastKnownFileType = text.xcconfig; name = "Pods-What a great movie!.debug.xcconfig"; path = "Pods/Target Support Files/Pods-What a great movie!/Pods-What a great movie!.debug.xcconfig"; sourceTree = "<group>"; };
		E3D357D75A2B59783F1C6420 /* Pods_wagm.framework */ = {isa = PBXFileReference; explicitFileType = wrapper.framework; includeInIndex = 0; path = Pods_wagm.framework; sourceTree = BUILT_PRODUCTS_DIR; };
		E9330FBC143C37EA97397CCB /* Pods-wagm.debug.xcconfig */ = {isa = PBXFileReference; includeInIndex = 1; lastKnownFileType = text.xcconfig; name = "Pods-wagm.debug.xcconfig"; path = "Pods/Target Support Files/Pods-wagm/Pods-wagm.debug.xcconfig"; sourceTree = "<group>"; };
/* End PBXFileReference section */

/* Begin PBXFrameworksBuildPhase section */
		7B22571221FF088100A9E8A3 /* Frameworks */ = {
			isa = PBXFrameworksBuildPhase;
			buildActionMask = 2147483647;
			files = (
				81EE5BDB10F38F812E65BC53 /* Pods_wagm.framework in Frameworks */,
				8071305DA7C857AD85CFBA9B /* Pods_What_a_great_movie_.framework in Frameworks */,
			);
			runOnlyForDeploymentPostprocessing = 0;
		};
/* End PBXFrameworksBuildPhase section */

/* Begin PBXGroup section */
		2BE58A1E2193C8CD020B9AE0 /* Frameworks */ = {
			isa = PBXGroup;
			children = (
				E3D357D75A2B59783F1C6420 /* Pods_wagm.framework */,
				7A685BF4111D0D7C414483B4 /* Pods_What_a_great_movie_.framework */,
			);
			name = Frameworks;
			sourceTree = "<group>";
		};
		53883DBF3879FD22E3030CA4 /* Pods */ = {
			isa = PBXGroup;
			children = (
				E9330FBC143C37EA97397CCB /* Pods-wagm.debug.xcconfig */,
				B88FA0B6851D03941D21D94C /* Pods-wagm.release.xcconfig */,
				CAB7C42F6D53478A4612EE26 /* Pods-What a great movie!.debug.xcconfig */,
				37B43C59200C8903FD5B9994 /* Pods-What a great movie!.release.xcconfig */,
			);
			name = Pods;
			sourceTree = "<group>";
		};
		7B22570C21FF088100A9E8A3 = {
			isa = PBXGroup;
			children = (
				7B22571721FF088100A9E8A3 /* wagm */,
				7B22571621FF088100A9E8A3 /* Products */,
				53883DBF3879FD22E3030CA4 /* Pods */,
				2BE58A1E2193C8CD020B9AE0 /* Frameworks */,
			);
			sourceTree = "<group>";
		};
		7B22571621FF088100A9E8A3 /* Products */ = {
			isa = PBXGroup;
			children = (
				7B22571521FF088100A9E8A3 /* What a great movie!.app */,
			);
			name = Products;
			sourceTree = "<group>";
		};
		7B22571721FF088100A9E8A3 /* wagm */ = {
			isa = PBXGroup;
			children = (
				7B22571821FF088100A9E8A3 /* AppDelegate.swift */,
				7B22571C21FF088100A9E8A3 /* Main.storyboard */,
				7B2C86A221FF171400B15100 /* LoginViewController.swift */,
				7B22571F21FF088200A9E8A3 /* Assets.xcassets */,
				7B22572121FF088200A9E8A3 /* LaunchScreen.storyboard */,
				7B2DD86921FF255C00EA87D0 /* Utils.swift */,
				7B39B4AE21FF35CF00573716 /* Constants.swift */,
				7B39B4B221FF3EC300573716 /* ApiClient.swift */,
				7B39B4B021FF3E8000573716 /* UserService.swift */,
				7B39B4B421FF4CB300573716 /* PlainUser.swift */,
				7B39B4B821FF4CF500573716 /* PlainMovie.swift */,
				7B22572421FF088200A9E8A3 /* Info.plist */,
			);
			path = wagm;
			sourceTree = "<group>";
		};
/* End PBXGroup section */

/* Begin PBXNativeTarget section */
		7B22571421FF088100A9E8A3 /* What a great movie! */ = {
			isa = PBXNativeTarget;
			buildConfigurationList = 7B22572721FF088200A9E8A3 /* Build configuration list for PBXNativeTarget "What a great movie!" */;
			buildPhases = (
				71F5385C6672A5219C065310 /* [CP] Check Pods Manifest.lock */,
				7B22571121FF088100A9E8A3 /* Sources */,
				7B22571221FF088100A9E8A3 /* Frameworks */,
				7B22571321FF088100A9E8A3 /* Resources */,
				C28C6CADDF66C2A4F247BEDD /* [CP] Embed Pods Frameworks */,
			);
			buildRules = (
			);
			dependencies = (
			);
			name = "What a great movie!";
			productName = wagm;
			productReference = 7B22571521FF088100A9E8A3 /* What a great movie!.app */;
			productType = "com.apple.product-type.application";
		};
/* End PBXNativeTarget section */

/* Begin PBXProject section */
		7B22570D21FF088100A9E8A3 /* Project object */ = {
			isa = PBXProject;
			attributes = {
				LastSwiftUpdateCheck = 1010;
				LastUpgradeCheck = 1010;
				ORGANIZATIONNAME = "Vlad Burlaciuc";
				TargetAttributes = {
					7B22571421FF088100A9E8A3 = {
						CreatedOnToolsVersion = 10.1;
					};
				};
			};
			buildConfigurationList = 7B22571021FF088100A9E8A3 /* Build configuration list for PBXProject "wagm" */;
			compatibilityVersion = "Xcode 9.3";
			developmentRegion = en;
			hasScannedForEncodings = 0;
			knownRegions = (
				en,
				Base,
			);
			mainGroup = 7B22570C21FF088100A9E8A3;
			productRefGroup = 7B22571621FF088100A9E8A3 /* Products */;
			projectDirPath = "";
			projectRoot = "";
			targets = (
				7B22571421FF088100A9E8A3 /* What a great movie! */,
			);
		};
/* End PBXProject section */

/* Begin PBXResourcesBuildPhase section */
		7B22571321FF088100A9E8A3 /* Resources */ = {
			isa = PBXResourcesBuildPhase;
			buildActionMask = 2147483647;
			files = (
				7B22572321FF088200A9E8A3 /* LaunchScreen.storyboard in Resources */,
				7B22572021FF088200A9E8A3 /* Assets.xcassets in Resources */,
				7B22571E21FF088100A9E8A3 /* Main.storyboard in Resources */,
			);
			runOnlyForDeploymentPostprocessing = 0;
		};
/* End PBXResourcesBuildPhase section */

/* Begin PBXShellScriptBuildPhase section */
		71F5385C6672A5219C065310 /* [CP] Check Pods Manifest.lock */ = {
			isa = PBXShellScriptBuildPhase;
			buildActionMask = 2147483647;
			files = (
			);
			inputFileListPaths = (
			);
			inputPaths = (
				"${PODS_PODFILE_DIR_PATH}/Podfile.lock",
				"${PODS_ROOT}/Manifest.lock",
			);
			name = "[CP] Check Pods Manifest.lock";
			outputFileListPaths = (
			);
			outputPaths = (
				"$(DERIVED_FILE_DIR)/Pods-What a great movie!-checkManifestLockResult.txt",
			);
			runOnlyForDeploymentPostprocessing = 0;
			shellPath = /bin/sh;
			shellScript = "diff \"${PODS_PODFILE_DIR_PATH}/Podfile.lock\" \"${PODS_ROOT}/Manifest.lock\" > /dev/null\nif [ $? != 0 ] ; then\n    # print error to STDERR\n    echo \"error: The sandbox is not in sync with the Podfile.lock. Run 'pod install' or update your CocoaPods installation.\" >&2\n    exit 1\nfi\n# This output is used by Xcode 'outputs' to avoid re-running this script phase.\necho \"SUCCESS\" > \"${SCRIPT_OUTPUT_FILE_0}\"\n";
			showEnvVarsInLog = 0;
		};
		C28C6CADDF66C2A4F247BEDD /* [CP] Embed Pods Frameworks */ = {
			isa = PBXShellScriptBuildPhase;
			buildActionMask = 2147483647;
			files = (
			);
			inputFileListPaths = (
			);
			inputPaths = (
				"${SRCROOT}/Pods/Target Support Files/Pods-What a great movie!/Pods-What a great movie!-frameworks.sh",
				"${BUILT_PRODUCTS_DIR}/Alamofire/Alamofire.framework",
				"${BUILT_PRODUCTS_DIR}/SwiftyJSON/SwiftyJSON.framework",
			);
			name = "[CP] Embed Pods Frameworks";
			outputFileListPaths = (
			);
			outputPaths = (
				"${TARGET_BUILD_DIR}/${FRAMEWORKS_FOLDER_PATH}/Alamofire.framework",
				"${TARGET_BUILD_DIR}/${FRAMEWORKS_FOLDER_PATH}/SwiftyJSON.framework",
			);
			runOnlyForDeploymentPostprocessing = 0;
			shellPath = /bin/sh;
			shellScript = "\"${SRCROOT}/Pods/Target Support Files/Pods-What a great movie!/Pods-What a great movie!-frameworks.sh\"\n";
			showEnvVarsInLog = 0;
		};
/* End PBXShellScriptBuildPhase section */

/* Begin PBXSourcesBuildPhase section */
		7B22571121FF088100A9E8A3 /* Sources */ = {
			isa = PBXSourcesBuildPhase;
			buildActionMask = 2147483647;
			files = (
				7B39B4B521FF4CB300573716 /* PlainUser.swift in Sources */,
				7B2C86A321FF171400B15100 /* LoginViewController.swift in Sources */,
				7B39B4B121FF3E8000573716 /* UserService.swift in Sources */,
				7B22571921FF088100A9E8A3 /* AppDelegate.swift in Sources */,
				7B2DD86A21FF255C00EA87D0 /* Utils.swift in Sources */,
				7B39B4AF21FF35CF00573716 /* Constants.swift in Sources */,
				7B39B4B321FF3EC300573716 /* ApiClient.swift in Sources */,
				7B39B4B921FF4CF500573716 /* PlainMovie.swift in Sources */,
			);
			runOnlyForDeploymentPostprocessing = 0;
		};
/* End PBXSourcesBuildPhase section */

/* Begin PBXVariantGroup section */
		7B22571C21FF088100A9E8A3 /* Main.storyboard */ = {
			isa = PBXVariantGroup;
			children = (
				7B22571D21FF088100A9E8A3 /* Base */,
			);
			name = Main.storyboard;
			sourceTree = "<group>";
		};
		7B22572121FF088200A9E8A3 /* LaunchScreen.storyboard */ = {
			isa = PBXVariantGroup;
			children = (
				7B22572221FF088200A9E8A3 /* Base */,
			);
			name = LaunchScreen.storyboard;
			sourceTree = "<group>";
		};
/* End PBXVariantGroup section */

/* Begin XCBuildConfiguration section */
		7B22572521FF088200A9E8A3 /* Debug */ = {
			isa = XCBuildConfiguration;
			buildSettings = {
				ALWAYS_SEARCH_USER_PATHS = NO;
				CLANG_ANALYZER_NONNULL = YES;
				CLANG_ANALYZER_NUMBER_OBJECT_CONVERSION = YES_AGGRESSIVE;
				CLANG_CXX_LANGUAGE_STANDARD = "gnu++14";
				CLANG_CXX_LIBRARY = "libc++";
				CLANG_ENABLE_MODULES = YES;
				CLANG_ENABLE_OBJC_ARC = YES;
				CLANG_ENABLE_OBJC_WEAK = YES;
				CLANG_WARN_BLOCK_CAPTURE_AUTORELEASING = YES;
				CLANG_WARN_BOOL_CONVERSION = YES;
				CLANG_WARN_COMMA = YES;
				CLANG_WARN_CONSTANT_CONVERSION = YES;
				CLANG_WARN_DEPRECATED_OBJC_IMPLEMENTATIONS = YES;
				CLANG_WARN_DIRECT_OBJC_ISA_USAGE = YES_ERROR;
				CLANG_WARN_DOCUMENTATION_COMMENTS = YES;
				CLANG_WARN_EMPTY_BODY = YES;
				CLANG_WARN_ENUM_CONVERSION = YES;
				CLANG_WARN_INFINITE_RECURSION = YES;
				CLANG_WARN_INT_CONVERSION = YES;
				CLANG_WARN_NON_LITERAL_NULL_CONVERSION = YES;
				CLANG_WARN_OBJC_IMPLICIT_RETAIN_SELF = YES;
				CLANG_WARN_OBJC_LITERAL_CONVERSION = YES;
				CLANG_WARN_OBJC_ROOT_CLASS = YES_ERROR;
				CLANG_WARN_RANGE_LOOP_ANALYSIS = YES;
				CLANG_WARN_STRICT_PROTOTYPES = YES;
				CLANG_WARN_SUSPICIOUS_MOVE = YES;
				CLANG_WARN_UNGUARDED_AVAILABILITY = YES_AGGRESSIVE;
				CLANG_WARN_UNREACHABLE_CODE = YES;
				CLANG_WARN__DUPLICATE_METHOD_MATCH = YES;
				CODE_SIGN_IDENTITY = "iPhone Developer";
				COPY_PHASE_STRIP = NO;
				DEBUG_INFORMATION_FORMAT = dwarf;
				ENABLE_STRICT_OBJC_MSGSEND = YES;
				ENABLE_TESTABILITY = YES;
				GCC_C_LANGUAGE_STANDARD = gnu11;
				GCC_DYNAMIC_NO_PIC = NO;
				GCC_NO_COMMON_BLOCKS = YES;
				GCC_OPTIMIZATION_LEVEL = 0;
				GCC_PREPROCESSOR_DEFINITIONS = (
					"DEBUG=1",
					"$(inherited)",
				);
				GCC_WARN_64_TO_32_BIT_CONVERSION = YES;
				GCC_WARN_ABOUT_RETURN_TYPE = YES_ERROR;
				GCC_WARN_UNDECLARED_SELECTOR = YES;
				GCC_WARN_UNINITIALIZED_AUTOS = YES_AGGRESSIVE;
				GCC_WARN_UNUSED_FUNCTION = YES;
				GCC_WARN_UNUSED_VARIABLE = YES;
				IPHONEOS_DEPLOYMENT_TARGET = 12.1;
				MTL_ENABLE_DEBUG_INFO = INCLUDE_SOURCE;
				MTL_FAST_MATH = YES;
				ONLY_ACTIVE_ARCH = YES;
				SDKROOT = iphoneos;
				SWIFT_ACTIVE_COMPILATION_CONDITIONS = DEBUG;
				SWIFT_OPTIMIZATION_LEVEL = "-Onone";
			};
			name = Debug;
		};
		7B22572621FF088200A9E8A3 /* Release */ = {
			isa = XCBuildConfiguration;
			buildSettings = {
				ALWAYS_SEARCH_USER_PATHS = NO;
				CLANG_ANALYZER_NONNULL = YES;
				CLANG_ANALYZER_NUMBER_OBJECT_CONVERSION = YES_AGGRESSIVE;
				CLANG_CXX_LANGUAGE_STANDARD = "gnu++14";
				CLANG_CXX_LIBRARY = "libc++";
				CLANG_ENABLE_MODULES = YES;
				CLANG_ENABLE_OBJC_ARC = YES;
				CLANG_ENABLE_OBJC_WEAK = YES;
				CLANG_WARN_BLOCK_CAPTURE_AUTORELEASING = YES;
				CLANG_WARN_BOOL_CONVERSION = YES;
				CLANG_WARN_COMMA = YES;
				CLANG_WARN_CONSTANT_CONVERSION = YES;
				CLANG_WARN_DEPRECATED_OBJC_IMPLEMENTATIONS = YES;
				CLANG_WARN_DIRECT_OBJC_ISA_USAGE = YES_ERROR;
				CLANG_WARN_DOCUMENTATION_COMMENTS = YES;
				CLANG_WARN_EMPTY_BODY = YES;
				CLANG_WARN_ENUM_CONVERSION = YES;
				CLANG_WARN_INFINITE_RECURSION = YES;
				CLANG_WARN_INT_CONVERSION = YES;
				CLANG_WARN_NON_LITERAL_NULL_CONVERSION = YES;
				CLANG_WARN_OBJC_IMPLICIT_RETAIN_SELF = YES;
				CLANG_WARN_OBJC_LITERAL_CONVERSION = YES;
				CLANG_WARN_OBJC_ROOT_CLASS = YES_ERROR;
				CLANG_WARN_RANGE_LOOP_ANALYSIS = YES;
				CLANG_WARN_STRICT_PROTOTYPES = YES;
				CLANG_WARN_SUSPICIOUS_MOVE = YES;
				CLANG_WARN_UNGUARDED_AVAILABILITY = YES_AGGRESSIVE;
				CLANG_WARN_UNREACHABLE_CODE = YES;
				CLANG_WARN__DUPLICATE_METHOD_MATCH = YES;
				CODE_SIGN_IDENTITY = "iPhone Developer";
				COPY_PHASE_STRIP = NO;
				DEBUG_INFORMATION_FORMAT = "dwarf-with-dsym";
				ENABLE_NS_ASSERTIONS = NO;
				ENABLE_STRICT_OBJC_MSGSEND = YES;
				GCC_C_LANGUAGE_STANDARD = gnu11;
				GCC_NO_COMMON_BLOCKS = YES;
				GCC_WARN_64_TO_32_BIT_CONVERSION = YES;
				GCC_WARN_ABOUT_RETURN_TYPE = YES_ERROR;
				GCC_WARN_UNDECLARED_SELECTOR = YES;
				GCC_WARN_UNINITIALIZED_AUTOS = YES_AGGRESSIVE;
				GCC_WARN_UNUSED_FUNCTION = YES;
				GCC_WARN_UNUSED_VARIABLE = YES;
				IPHONEOS_DEPLOYMENT_TARGET = 12.1;
				MTL_ENABLE_DEBUG_INFO = NO;
				MTL_FAST_MATH = YES;
				SDKROOT = iphoneos;
				SWIFT_COMPILATION_MODE = wholemodule;
				SWIFT_OPTIMIZATION_LEVEL = "-O";
				VALIDATE_PRODUCT = YES;
			};
			name = Release;
		};
		7B22572821FF088200A9E8A3 /* Debug */ = {
			isa = XCBuildConfiguration;
			baseConfigurationReference = CAB7C42F6D53478A4612EE26 /* Pods-What a great movie!.debug.xcconfig */;
			buildSettings = {
				ASSETCATALOG_COMPILER_APPICON_NAME = AppIcon;
				CODE_SIGN_STYLE = Automatic;
				DEVELOPMENT_TEAM = 2K9NDV3L9M;
				INFOPLIST_FILE = wagm/Info.plist;
				LD_RUNPATH_SEARCH_PATHS = (
					"$(inherited)",
					"@executable_path/Frameworks",
				);
				PRODUCT_BUNDLE_IDENTIFIER = SBT.wagm;
				PRODUCT_NAME = "$(TARGET_NAME)";
				SWIFT_VERSION = 4.2;
				TARGETED_DEVICE_FAMILY = "1,2";
			};
			name = Debug;
		};
		7B22572921FF088200A9E8A3 /* Release */ = {
			isa = XCBuildConfiguration;
			baseConfigurationReference = 37B43C59200C8903FD5B9994 /* Pods-What a great movie!.release.xcconfig */;
			buildSettings = {
				ASSETCATALOG_COMPILER_APPICON_NAME = AppIcon;
				CODE_SIGN_STYLE = Automatic;
				DEVELOPMENT_TEAM = 2K9NDV3L9M;
				INFOPLIST_FILE = wagm/Info.plist;
				LD_RUNPATH_SEARCH_PATHS = (
					"$(inherited)",
					"@executable_path/Frameworks",
				);
				PRODUCT_BUNDLE_IDENTIFIER = SBT.wagm;
				PRODUCT_NAME = "$(TARGET_NAME)";
				SWIFT_VERSION = 4.2;
				TARGETED_DEVICE_FAMILY = "1,2";
			};
			name = Release;
		};
/* End XCBuildConfiguration section */

/* Begin XCConfigurationList section */
		7B22571021FF088100A9E8A3 /* Build configuration list for PBXProject "wagm" */ = {
			isa = XCConfigurationList;
			buildConfigurations = (
				7B22572521FF088200A9E8A3 /* Debug */,
				7B22572621FF088200A9E8A3 /* Release */,
			);
			defaultConfigurationIsVisible = 0;
			defaultConfigurationName = Release;
		};
		7B22572721FF088200A9E8A3 /* Build configuration list for PBXNativeTarget "What a great movie!" */ = {
			isa = XCConfigurationList;
			buildConfigurations = (
				7B22572821FF088200A9E8A3 /* Debug */,
				7B22572921FF088200A9E8A3 /* Release */,
			);
			defaultConfigurationIsVisible = 0;
			defaultConfigurationName = Release;
		};
/* End XCConfigurationList section */
	};
	rootObject = 7B22570D21FF088100A9E8A3 /* Project object */;
}
